# THIS IS AN AUTOGENERATED FILE. DO NOT EDIT THIS FILE DIRECTLY.
# yarn lockfile v1


"@types/estree@^1.0.0":
  version "1.0.0"
  resolved "https://registry.yarnpkg.com/@types/estree/-/estree-1.0.0.tgz#5fb2e536c1ae9bf35366eed879e827fa59ca41c2"
  integrity sha512-WulqXMDUTYAXCjZnk6JtIHPigp55cVtDgDrO2gHRwhyJto21+1zbVCtOYB2L1F9w4qCQ0rOGWBnBe0FNTiEJIQ==

"@types/node@^18.13.0":
  version "18.13.0"
  resolved "https://registry.yarnpkg.com/@types/node/-/node-18.13.0.tgz#0400d1e6ce87e9d3032c19eb6c58205b0d3f7850"
  integrity sha512-gC3TazRzGoOnoKAhUx+Q0t8S9Tzs74z7m0ipwGpSqQrleP14hKxP4/JUeEQcD3W1/aIpnWl8pHowI7WokuZpXg==

antlr4ts-cli@^0.5.0-alpha.4:
  version "0.5.0-alpha.4"
  resolved "https://registry.yarnpkg.com/antlr4ts-cli/-/antlr4ts-cli-0.5.0-alpha.4.tgz#f3bfc37f10131e78d7b981c397a2aaa0450b67f6"
  integrity sha512-lVPVBTA2CVHRYILSKilL6Jd4hAumhSZZWA7UbQNQrmaSSj7dPmmYaN4bOmZG79cOy0lS00i4LY68JZZjZMWVrw==

antlr4ts@^0.5.0-alpha.4:
  version "0.5.0-alpha.4"
  resolved "https://registry.yarnpkg.com/antlr4ts/-/antlr4ts-0.5.0-alpha.4.tgz#71702865a87478ed0b40c0709f422cf14d51652a"
  integrity sha512-WPQDt1B74OfPv/IMS2ekXAKkTZIHl88uMetg6q3OTqgFxZ/dxDXI0EWLyZid/1Pe6hTftyg5N7gel5wNAGxXyQ==

typescript@^4.9.5:
  version "4.9.5"
  resolved "https://registry.yarnpkg.com/typescript/-/typescript-4.9.5.tgz#095979f9bcc0d09da324d58d03ce8f8374cbe65a"
  integrity sha512-1FXk9E2Hm+QzZQ7z+McJiHL4NW1F2EzMu9Nq9i3zAaGqibafqYwCVU6WyWAuyQRRzOlxou8xZSyXLEN8oKj24g==
